
Microsoft Visual Studio Solution File, Format Version 12.00
# Visual Studio Version 16
VisualStudioVersion = 16.0.32002.261
MinimumVisualStudioVersion = 10.0.40219.1
Project("{FAE04EC0-301F-11D3-BF4B-00C04F79EFBC}") = "Projeto_sqlds", "Projeto_sqlds.csproj", "{7908E0AE-DC4C-4CC8-A321-FBD01DA0AB07}"
EndProject
Global
	GlobalSection(SolutionConfigurationPlatforms) = preSolution
		Debug|Any CPU = Debug|Any CPU
		Release|Any CPU = Release|Any CPU
	EndGlobalSection
	GlobalSection(ProjectConfigurationPlatforms) = postSolution
		{7908E0AE-DC4C-4CC8-A321-FBD01DA0AB07}.Debug|Any CPU.ActiveCfg = Debug|Any CPU
		{7908E0AE-DC4C-4CC8-A321-FBD01DA0AB07}.Debug|Any CPU.Build.0 = Debug|Any CPU
		{7908E0AE-DC4C-4CC8-A321-FBD01DA0AB07}.Release|Any CPU.ActiveCfg = Release|Any CPU
		{7908E0AE-DC4C-4CC8-A321-FBD01DA0AB07}.Release|Any CPU.Build.0 = Release|Any CPU
	EndGlobalSection
	GlobalSection(SolutionProperties) = preSolution
		HideSolutionNode = FALSE
	EndGlobalSection
	GlobalSection(ExtensibilityGlobals) = postSolution
		SolutionGuid = {D01585C5-FD48-43AF-8ED3-46A5AA4B2334}
	EndGlobalSection
EndGlobal
