
Microsoft Visual Studio Solution File, Format Version 12.00
# Visual Studio Version 16
VisualStudioVersion = 16.0.32002.261
MinimumVisualStudioVersion = 10.0.40219.1
Project("{FAE04EC0-301F-11D3-BF4B-00C04F79EFBC}") = "ds2-banco", "ds2-banco.csproj", "{C0E74B75-5E26-4102-8DB6-BFF9521D098B}"
EndProject
Global
	GlobalSection(SolutionConfigurationPlatforms) = preSolution
		Debug|Any CPU = Debug|Any CPU
		Release|Any CPU = Release|Any CPU
	EndGlobalSection
	GlobalSection(ProjectConfigurationPlatforms) = postSolution
		{C0E74B75-5E26-4102-8DB6-BFF9521D098B}.Debug|Any CPU.ActiveCfg = Debug|Any CPU
		{C0E74B75-5E26-4102-8DB6-BFF9521D098B}.Debug|Any CPU.Build.0 = Debug|Any CPU
		{C0E74B75-5E26-4102-8DB6-BFF9521D098B}.Release|Any CPU.ActiveCfg = Release|Any CPU
		{C0E74B75-5E26-4102-8DB6-BFF9521D098B}.Release|Any CPU.Build.0 = Release|Any CPU
	EndGlobalSection
	GlobalSection(SolutionProperties) = preSolution
		HideSolutionNode = FALSE
	EndGlobalSection
	GlobalSection(ExtensibilityGlobals) = postSolution
		SolutionGuid = {420E2C4C-AAB0-4A7D-B935-A202D8D64B1F}
	EndGlobalSection
EndGlobal
